
Microsoft Visual Studio Solution File, Format Version 12.00
# Visual Studio Version 17
VisualStudioVersion = 17.2.32526.322
MinimumVisualStudioVersion = 10.0.40219.1
Project("{FAE04EC0-301F-11D3-BF4B-00C04F79EFBC}") = "KextUpdater", "KextUpdater\KextUpdater.csproj", "{2FA55BEB-3ADF-4B02-B068-A526CC3E8BF0}"
EndProject
Global
	GlobalSection(SolutionConfigurationPlatforms) = preSolution
		Debug|Any CPU = Debug|Any CPU
		Release|Any CPU = Release|Any CPU
	EndGlobalSection
	GlobalSection(ProjectConfigurationPlatforms) = postSolution
		{2FA55BEB-3ADF-4B02-B068-A526CC3E8BF0}.Debug|Any CPU.ActiveCfg = Debug|Any CPU
		{2FA55BEB-3ADF-4B02-B068-A526CC3E8BF0}.Debug|Any CPU.Build.0 = Debug|Any CPU
		{2FA55BEB-3ADF-4B02-B068-A526CC3E8BF0}.Release|Any CPU.ActiveCfg = Release|Any CPU
		{2FA55BEB-3ADF-4B02-B068-A526CC3E8BF0}.Release|Any CPU.Build.0 = Release|Any CPU
	EndGlobalSection
	GlobalSection(SolutionProperties) = preSolution
		HideSolutionNode = FALSE
	EndGlobalSection
	GlobalSection(ExtensibilityGlobals) = postSolution
		SolutionGuid = {5E86C864-6C9A-45E3-B1CE-602E17AF394D}
	EndGlobalSection
EndGlobal
